
Microsoft Visual Studio Solution File, Format Version 12.00
# Visual Studio Version 16
VisualStudioVersion = 16.0.29102.190
MinimumVisualStudioVersion = 10.0.40219.1
Project("{FAE04EC0-301F-11D3-BF4B-00C04F79EFBC}") = "practica3", "practica3\practica3.csproj", "{2FEBEBC8-3C16-4FC1-B866-8D6F02311C07}"
EndProject
Global
	GlobalSection(SolutionConfigurationPlatforms) = preSolution
		Debug|Any CPU = Debug|Any CPU
		Release|Any CPU = Release|Any CPU
	EndGlobalSection
	GlobalSection(ProjectConfigurationPlatforms) = postSolution
		{2FEBEBC8-3C16-4FC1-B866-8D6F02311C07}.Debug|Any CPU.ActiveCfg = Debug|Any CPU
		{2FEBEBC8-3C16-4FC1-B866-8D6F02311C07}.Debug|Any CPU.Build.0 = Debug|Any CPU
		{2FEBEBC8-3C16-4FC1-B866-8D6F02311C07}.Release|Any CPU.ActiveCfg = Release|Any CPU
		{2FEBEBC8-3C16-4FC1-B866-8D6F02311C07}.Release|Any CPU.Build.0 = Release|Any CPU
	EndGlobalSection
	GlobalSection(SolutionProperties) = preSolution
		HideSolutionNode = FALSE
	EndGlobalSection
	GlobalSection(ExtensibilityGlobals) = postSolution
		SolutionGuid = {7A8CA473-D275-4F5C-99D2-1142C01F596C}
	EndGlobalSection
EndGlobal
